
Microsoft Visual Studio Solution File, Format Version 12.00
# Visual Studio 2013
VisualStudioVersion = 12.0.40629.0
MinimumVisualStudioVersion = 10.0.40219.1
Project("{FAE04EC0-301F-11D3-BF4B-00C04F79EFBC}") = "Example2", "Example2\Example2.csproj", "{30065CEE-6230-4CEE-AF81-695A1389A317}"
EndProject
Project("{FAE04EC0-301F-11D3-BF4B-00C04F79EFBC}") = "Example1", "Example1\Example1.csproj", "{0B69CD0D-04D6-424B-90CE-265807A3D97A}"
EndProject
Project("{FAE04EC0-301F-11D3-BF4B-00C04F79EFBC}") = "Example3", "Example3\Example3.csproj", "{C3520119-FCED-41E1-8465-F8E8DB74FF21}"
EndProject
Project("{FAE04EC0-301F-11D3-BF4B-00C04F79EFBC}") = "Example5", "Example5\Example5.csproj", "{5CBBF030-C401-4E46-8841-8C8065E6303F}"
EndProject
Project("{FAE04EC0-301F-11D3-BF4B-00C04F79EFBC}") = "Example4", "Example4\Example4.csproj", "{4E8EA340-F77A-4628-8EAD-37951A214831}"
EndProject
Project("{FAE04EC0-301F-11D3-BF4B-00C04F79EFBC}") = "Example6", "Example6\Example6.csproj", "{51CDE31D-CDAC-4AA3-A87D-0E07624AB578}"
EndProject
Project("{FAE04EC0-301F-11D3-BF4B-00C04F79EFBC}") = "Example7", "Example7\Example7.csproj", "{CA706A46-AC62-4C1C-892B-99345BAB2E1F}"
EndProject
Project("{FAE04EC0-301F-11D3-BF4B-00C04F79EFBC}") = "Example8", "Example8\Example8.csproj", "{15695A4E-CD3D-42B0-97A8-6ED9083D6924}"
EndProject
Global
	GlobalSection(SolutionConfigurationPlatforms) = preSolution
		Debug|Any CPU = Debug|Any CPU
		Release|Any CPU = Release|Any CPU
	EndGlobalSection
	GlobalSection(ProjectConfigurationPlatforms) = postSolution
		{30065CEE-6230-4CEE-AF81-695A1389A317}.Debug|Any CPU.ActiveCfg = Debug|Any CPU
		{30065CEE-6230-4CEE-AF81-695A1389A317}.Debug|Any CPU.Build.0 = Debug|Any CPU
		{30065CEE-6230-4CEE-AF81-695A1389A317}.Release|Any CPU.ActiveCfg = Release|Any CPU
		{30065CEE-6230-4CEE-AF81-695A1389A317}.Release|Any CPU.Build.0 = Release|Any CPU
		{0B69CD0D-04D6-424B-90CE-265807A3D97A}.Debug|Any CPU.ActiveCfg = Debug|Any CPU
		{0B69CD0D-04D6-424B-90CE-265807A3D97A}.Debug|Any CPU.Build.0 = Debug|Any CPU
		{0B69CD0D-04D6-424B-90CE-265807A3D97A}.Release|Any CPU.ActiveCfg = Release|Any CPU
		{0B69CD0D-04D6-424B-90CE-265807A3D97A}.Release|Any CPU.Build.0 = Release|Any CPU
		{C3520119-FCED-41E1-8465-F8E8DB74FF21}.Debug|Any CPU.ActiveCfg = Debug|Any CPU
		{C3520119-FCED-41E1-8465-F8E8DB74FF21}.Debug|Any CPU.Build.0 = Debug|Any CPU
		{C3520119-FCED-41E1-8465-F8E8DB74FF21}.Release|Any CPU.ActiveCfg = Release|Any CPU
		{C3520119-FCED-41E1-8465-F8E8DB74FF21}.Release|Any CPU.Build.0 = Release|Any CPU
		{5CBBF030-C401-4E46-8841-8C8065E6303F}.Debug|Any CPU.ActiveCfg = Debug|Any CPU
		{5CBBF030-C401-4E46-8841-8C8065E6303F}.Debug|Any CPU.Build.0 = Debug|Any CPU
		{5CBBF030-C401-4E46-8841-8C8065E6303F}.Release|Any CPU.ActiveCfg = Release|Any CPU
		{5CBBF030-C401-4E46-8841-8C8065E6303F}.Release|Any CPU.Build.0 = Release|Any CPU
		{4E8EA340-F77A-4628-8EAD-37951A214831}.Debug|Any CPU.ActiveCfg = Debug|Any CPU
		{4E8EA340-F77A-4628-8EAD-37951A214831}.Debug|Any CPU.Build.0 = Debug|Any CPU
		{4E8EA340-F77A-4628-8EAD-37951A214831}.Release|Any CPU.ActiveCfg = Release|Any CPU
		{4E8EA340-F77A-4628-8EAD-37951A214831}.Release|Any CPU.Build.0 = Release|Any CPU
		{51CDE31D-CDAC-4AA3-A87D-0E07624AB578}.Debug|Any CPU.ActiveCfg = Debug|Any CPU
		{51CDE31D-CDAC-4AA3-A87D-0E07624AB578}.Debug|Any CPU.Build.0 = Debug|Any CPU
		{51CDE31D-CDAC-4AA3-A87D-0E07624AB578}.Release|Any CPU.ActiveCfg = Release|Any CPU
		{51CDE31D-CDAC-4AA3-A87D-0E07624AB578}.Release|Any CPU.Build.0 = Release|Any CPU
		{CA706A46-AC62-4C1C-892B-99345BAB2E1F}.Debug|Any CPU.ActiveCfg = Debug|Any CPU
		{CA706A46-AC62-4C1C-892B-99345BAB2E1F}.Debug|Any CPU.Build.0 = Debug|Any CPU
		{CA706A46-AC62-4C1C-892B-99345BAB2E1F}.Release|Any CPU.ActiveCfg = Release|Any CPU
		{CA706A46-AC62-4C1C-892B-99345BAB2E1F}.Release|Any CPU.Build.0 = Release|Any CPU
		{15695A4E-CD3D-42B0-97A8-6ED9083D6924}.Debug|Any CPU.ActiveCfg = Debug|Any CPU
		{15695A4E-CD3D-42B0-97A8-6ED9083D6924}.Debug|Any CPU.Build.0 = Debug|Any CPU
		{15695A4E-CD3D-42B0-97A8-6ED9083D6924}.Release|Any CPU.ActiveCfg = Release|Any CPU
		{15695A4E-CD3D-42B0-97A8-6ED9083D6924}.Release|Any CPU.Build.0 = Release|Any CPU
	EndGlobalSection
	GlobalSection(SolutionProperties) = preSolution
		HideSolutionNode = FALSE
	EndGlobalSection
EndGlobal
